
Microsoft Visual Studio Solution File, Format Version 12.00
# Visual Studio Version 17
VisualStudioVersion = 17.4.33205.214
MinimumVisualStudioVersion = 10.0.40219.1
Project("{9A19103F-16F7-4668-BE54-9A1E7A4F7556}") = "Sample.Api", "src\Sample.Api\Sample.Api.csproj", "{01EF8E50-F2CE-4EDB-9085-1D8C6B17B6A8}"
EndProject
Project("{9A19103F-16F7-4668-BE54-9A1E7A4F7556}") = "Sample.Api.Tests.InMemory.Integration", "tests\Sample.Api.Tests.InMemory.Integration\Sample.Api.Tests.InMemory.Integration.csproj", "{7CDE7500-F529-4E0C-8823-0DAF9B8296C4}"
EndProject
Project("{2150E333-8FDC-42A3-9474-1A3956D46DE8}") = "Solution Items", "Solution Items", "{C86F5F6C-E28E-4D16-B0DF-60AB844DA4F2}"
	ProjectSection(SolutionItems) = preProject
		.editorconfig = .editorconfig
	EndProjectSection
EndProject
Project("{2150E333-8FDC-42A3-9474-1A3956D46DE8}") = "tests", "tests", "{66E59082-A84E-43ED-A90B-D2E8DDCC401F}"
	ProjectSection(SolutionItems) = preProject
		tests\.editorconfig = tests\.editorconfig
	EndProjectSection
EndProject
Global
	GlobalSection(SolutionConfigurationPlatforms) = preSolution
		Debug|Any CPU = Debug|Any CPU
		Release|Any CPU = Release|Any CPU
	EndGlobalSection
	GlobalSection(ProjectConfigurationPlatforms) = postSolution
		{01EF8E50-F2CE-4EDB-9085-1D8C6B17B6A8}.Debug|Any CPU.ActiveCfg = Debug|Any CPU
		{01EF8E50-F2CE-4EDB-9085-1D8C6B17B6A8}.Debug|Any CPU.Build.0 = Debug|Any CPU
		{01EF8E50-F2CE-4EDB-9085-1D8C6B17B6A8}.Release|Any CPU.ActiveCfg = Release|Any CPU
		{01EF8E50-F2CE-4EDB-9085-1D8C6B17B6A8}.Release|Any CPU.Build.0 = Release|Any CPU
		{7CDE7500-F529-4E0C-8823-0DAF9B8296C4}.Debug|Any CPU.ActiveCfg = Debug|Any CPU
		{7CDE7500-F529-4E0C-8823-0DAF9B8296C4}.Debug|Any CPU.Build.0 = Debug|Any CPU
		{7CDE7500-F529-4E0C-8823-0DAF9B8296C4}.Release|Any CPU.ActiveCfg = Release|Any CPU
		{7CDE7500-F529-4E0C-8823-0DAF9B8296C4}.Release|Any CPU.Build.0 = Release|Any CPU
	EndGlobalSection
	GlobalSection(SolutionProperties) = preSolution
		HideSolutionNode = FALSE
	EndGlobalSection
	GlobalSection(NestedProjects) = preSolution
		{66E59082-A84E-43ED-A90B-D2E8DDCC401F} = {C86F5F6C-E28E-4D16-B0DF-60AB844DA4F2}
	EndGlobalSection
	GlobalSection(ExtensibilityGlobals) = postSolution
		SolutionGuid = {821878A4-D2CD-4D52-BBEC-0A8F8C5445CF}
	EndGlobalSection
EndGlobal
